
Microsoft Visual Studio Solution File, Format Version 12.00
# Visual Studio 15
VisualStudioVersion = 15.0.26430.6
MinimumVisualStudioVersion = 10.0.40219.1
Project("{FAE04EC0-301F-11D3-BF4B-00C04F79EFBC}") = "FrontpageNews", "FrontpageNews\FrontpageNews.csproj", "{75EF1CE9-8A04-476F-B430-502FB2DD45FC}"
EndProject
Project("{FAE04EC0-301F-11D3-BF4B-00C04F79EFBC}") = "FrontpageNews.Tests", "FrontpageNews.Tests\FrontpageNews.Tests.csproj", "{83F85747-5355-420A-A050-BED1DB5C1103}"
EndProject
Global
	GlobalSection(SolutionConfigurationPlatforms) = preSolution
		Debug|Any CPU = Debug|Any CPU
		Release|Any CPU = Release|Any CPU
	EndGlobalSection
	GlobalSection(ProjectConfigurationPlatforms) = postSolution
		{75EF1CE9-8A04-476F-B430-502FB2DD45FC}.Debug|Any CPU.ActiveCfg = Debug|Any CPU
		{75EF1CE9-8A04-476F-B430-502FB2DD45FC}.Debug|Any CPU.Build.0 = Debug|Any CPU
		{75EF1CE9-8A04-476F-B430-502FB2DD45FC}.Release|Any CPU.ActiveCfg = Release|Any CPU
		{75EF1CE9-8A04-476F-B430-502FB2DD45FC}.Release|Any CPU.Build.0 = Release|Any CPU
		{83F85747-5355-420A-A050-BED1DB5C1103}.Debug|Any CPU.ActiveCfg = Debug|Any CPU
		{83F85747-5355-420A-A050-BED1DB5C1103}.Debug|Any CPU.Build.0 = Debug|Any CPU
		{83F85747-5355-420A-A050-BED1DB5C1103}.Release|Any CPU.ActiveCfg = Release|Any CPU
		{83F85747-5355-420A-A050-BED1DB5C1103}.Release|Any CPU.Build.0 = Release|Any CPU
	EndGlobalSection
	GlobalSection(SolutionProperties) = preSolution
		HideSolutionNode = FALSE
	EndGlobalSection
EndGlobal
